
Microsoft Visual Studio Solution File, Format Version 12.00
# Visual Studio Version 16
VisualStudioVersion = 16.0.30204.135
MinimumVisualStudioVersion = 10.0.40219.1
Project("{FAE04EC0-301F-11D3-BF4B-00C04F79EFBC}") = "GehaltsbueroApp", "GehaltsbueroApp\GehaltsbueroApp.csproj", "{6AE0ED6F-8913-47B4-A6CE-0237D4F7512E}"
	ProjectSection(ProjectDependencies) = postProject
		{21118029-6213-4F73-B947-5B06930EC2AD} = {21118029-6213-4F73-B947-5B06930EC2AD}
		{961C6F81-0ACA-4FFA-8AD9-9EB84C7BC9EE} = {961C6F81-0ACA-4FFA-8AD9-9EB84C7BC9EE}
	EndProjectSection
EndProject
Project("{9A19103F-16F7-4668-BE54-9A1E7A4F7556}") = "GehaltsbueroModels", "GehaltsbueroModels\GehaltsbueroModels.csproj", "{21118029-6213-4F73-B947-5B06930EC2AD}"
EndProject
Project("{9A19103F-16F7-4668-BE54-9A1E7A4F7556}") = "GehaltsbueroRepository", "GehaltsbueroRepository\GehaltsbueroRepository.csproj", "{961C6F81-0ACA-4FFA-8AD9-9EB84C7BC9EE}"
EndProject
Global
	GlobalSection(SolutionConfigurationPlatforms) = preSolution
		Debug|Any CPU = Debug|Any CPU
		Release|Any CPU = Release|Any CPU
	EndGlobalSection
	GlobalSection(ProjectConfigurationPlatforms) = postSolution
		{6AE0ED6F-8913-47B4-A6CE-0237D4F7512E}.Debug|Any CPU.ActiveCfg = Debug|Any CPU
		{6AE0ED6F-8913-47B4-A6CE-0237D4F7512E}.Debug|Any CPU.Build.0 = Debug|Any CPU
		{6AE0ED6F-8913-47B4-A6CE-0237D4F7512E}.Release|Any CPU.ActiveCfg = Release|Any CPU
		{6AE0ED6F-8913-47B4-A6CE-0237D4F7512E}.Release|Any CPU.Build.0 = Release|Any CPU
		{21118029-6213-4F73-B947-5B06930EC2AD}.Debug|Any CPU.ActiveCfg = Debug|Any CPU
		{21118029-6213-4F73-B947-5B06930EC2AD}.Debug|Any CPU.Build.0 = Debug|Any CPU
		{21118029-6213-4F73-B947-5B06930EC2AD}.Release|Any CPU.ActiveCfg = Release|Any CPU
		{21118029-6213-4F73-B947-5B06930EC2AD}.Release|Any CPU.Build.0 = Release|Any CPU
		{961C6F81-0ACA-4FFA-8AD9-9EB84C7BC9EE}.Debug|Any CPU.ActiveCfg = Debug|Any CPU
		{961C6F81-0ACA-4FFA-8AD9-9EB84C7BC9EE}.Debug|Any CPU.Build.0 = Debug|Any CPU
		{961C6F81-0ACA-4FFA-8AD9-9EB84C7BC9EE}.Release|Any CPU.ActiveCfg = Release|Any CPU
		{961C6F81-0ACA-4FFA-8AD9-9EB84C7BC9EE}.Release|Any CPU.Build.0 = Release|Any CPU
	EndGlobalSection
	GlobalSection(SolutionProperties) = preSolution
		HideSolutionNode = FALSE
	EndGlobalSection
	GlobalSection(ExtensibilityGlobals) = postSolution
		SolutionGuid = {E1288AEE-4F8F-4FFC-964F-05D8C565E3C2}
	EndGlobalSection
EndGlobal
